{
  "lockfileVersion": 2,
  "configVersion": 1,
  "workspaces": {
    "": {
      "name": "synapsejs",
      "dependencies": {
        "@ismaelsoilet/jev-harness": "^0.2.1",
        "@ismaelsoilet/synapsejs": "workspace:*",
        "@sinclair/typebox": "^0.34.40",
        "fast-check": "^3.23.2",
        "postgres": "^3.4.9",
        "react": "^19.0.0",
        "react-dom": "^19.0.0",
      },
      "devDependencies": {
        "@types/bun": "^1.4.2",
        "@types/node": "^26.6.2",
        "@types/react": "^19.0.10",
        "@types/react-dom": "^19.0.4",
        "happy-dom": "^20.14.5",
        "typescript": "^5.8.2",
      },
    },
    "apps/crm": {
      "name": "crm-app",
      "version": "0.1.0",
      "dependencies": {
        "@ismaelsoilet/synapsejs": "workspace:*",
        "@sinclair/typebox": "^0.34.40",
        "fast-check": "^3.23.2",
        "react": "^19.0.0",
        "react-dom": "^19.0.0",
      },
      "devDependencies": {
        "@types/bun": "^1.4.2",
        "@types/react": "^19.0.10",
        "@types/react-dom": "^19.0.4",
        "typescript": "^5.8.2",
      },
    },
    "examples/enterprise-crm": {
      "name": "enterprise-crm-example",
      "version": "0.1.0",
      "dependencies": {
        "@ismaelsoilet/synapsejs": "workspace:*",
        "@sinclair/typebox": "^0.34.40",
        "fast-check": "^3.23.2",
        "react": "^19.0.0",
        "react-dom": "^19.0.0",
      },
      "devDependencies": {
        "@types/bun": "^1.4.2",
        "@types/react": "^19.0.10",
        "@types/react-dom": "^19.0.4",
        "typescript": "^5.8.2",
      },
    },
    "examples/helpdesk-conventional": {
      "name": "helpdesk-conventional-example",
      "version": "0.1.0",
      "dependencies": {
        "@sinclair/typebox": "^0.34.40",
        "react": "^19.0.0",
        "react-dom": "^19.0.0",
      },
      "devDependencies": {
        "@types/bun": "^1.4.2",
        "@types/react": "^19.0.10",
        "@types/react-dom": "^19.0.4",
        "typescript": "^5.8.2",
      },
    },
    "examples/helpdesk-slices": {
      "name": "helpdesk-slices-example",
      "version": "0.1.0",
      "dependencies": {
        "@ismaelsoilet/synapsejs": "workspace:*",
        "@sinclair/typebox": "^0.34.40",
        "fast-check": "^3.23.2",
        "react": "^19.0.0",
        "react-dom": "^19.0.0",
      },
      "devDependencies": {
        "@types/bun": "^1.4.2",
        "@types/react": "^19.0.10",
        "@types/react-dom": "^19.0.4",
        "typescript": "^5.8.2",
      },
    },
    "packages/synapse": {
      "name": "@ismaelsoilet/synapsejs",
      "version": "1.8.0",
      "bin": {
        "synapse": "./bin/synapse.ts",
      },
      "dependencies": {
        "@ismaelsoilet/jev-harness": "^0.2.1",
        "@sinclair/typebox": "^0.34.40",
        "fast-check": "^3.23.2",
        "postgres": "^3.4.9",
        "react": "^19.0.0",
        "react-dom": "^19.0.0",
        "typescript": "^5.8.2",
      },
      "devDependencies": {
        "@types/bun": "^1.4.2",
        "@types/react": "^19.0.10",
        "@types/react-dom": "^19.0.4",
      },
    },
  },
  "packages": {
    "@ismaelsoilet/jev-harness": ["@ismaelsoilet/jev-harness@0.2.1", "", { "bin": { "jev-harness": "bin/cli.js" } }, "sha512-Pvl5+4AsTva8ZuqIggnIU97I9gbCV1YT6z8N6XZOj4m5ZVDrc/bg7qrNI3FQah37a2LmLWpYsrbIdiwuWFk2Gg=="],

    "@ismaelsoilet/synapsejs": ["@ismaelsoilet/synapsejs@workspace:packages/synapse"],

    "@sinclair/typebox": ["@sinclair/typebox@0.34.52", "", {}, "sha512-XiMQh7qqVlxZzcVD+kkGMNGMzcTrDMLWI7S4x7z1MkCkbDPrekpZXEUK0eZqZFMuHQg2a2DZOcDIh9o5v3Gonw=="],

    "@types/bun": ["@types/bun@1.4.2", "", { "dependencies": { "bun-types": "1.4.2" } }, "sha512-GimotNn7+ZV0uVArItBbriZsR1oNf0+WTzPkdcFrzShI7k2norL0uzEaJT8T33dWr7O/c9ZDuAFQrctKCi72oQ=="],

    "@types/node": ["@types/node@26.6.2", "", { "dependencies": { "undici-types": "~8.9.0" } }, "sha512-X1P21scMv4zGKLYqjdGjaKa7COa0RKVYYZZN/NfvLQ1JegxFhdhpZG/Lyn8AXx6CDUavKAd11v6BvfpkDByK8g=="],

    "@types/react": ["@types/react@19.3.0", "", { "dependencies": { "csstype": "^3.2.2" } }, "sha512-N0rFCuH9YoxG9/m61l9MfpJKfmLOVU0em7ipIz6TRgSSkvReLB9vL85GB+yr8Bs5leqpvg96JSwF4ZS1s4viQg=="],

    "@types/react-dom": ["@types/react-dom@19.3.0", "", { "peerDependencies": { "@types/react": "^19.3.0" } }, "sha512-ZI7bU42mZXXKHn/qNLEw2IrbiINU7X5+vfgdixBHkCNpYWXjKgfQ/P+uyGb5CjOLB9UcnTeg3rylQtV2hym44Q=="],

    "@types/whatwg-mimetype": ["@types/whatwg-mimetype@3.0.2", "", {}, "sha512-c2AKvDT8ToxLIOUlN51gTiHXflsfIFisS4pO7pDPoKouJCESkhZnEy623gwP9laCy5lnLDAw1vAzu2vM2YLOrA=="],

    "@types/ws": ["@types/ws@8.18.2", "", { "dependencies": { "@types/node": "*" } }, "sha512-67MQl+fpWKVTT1NYdnmo3U4sc/xPo/zQBncVnI74qmQa0z/b+1g6iYqNmGCPbxO+zz2aklb08a0oHfegiVd0/w=="],

    "buffer-image-size": ["buffer-image-size@0.6.4", "", { "dependencies": { "@types/node": "*" } }, "sha512-nEh+kZOPY1w+gcCMobZ6ETUp9WfibndnosbpwB1iJk/8Gt5ZF2bhS6+B6bPYz424KtwsR6Rflc3tCz1/ghX2dQ=="],

    "bun-types": ["bun-types@1.4.2", "", { "dependencies": { "@types/node": "*" } }, "sha512-bxV1FgK7yBIzjRe5zBozIM4Bem11ZJcCXSrjWRG3YWLt8yFDePu4cLjpebO8OvPeIE9trbyPF4fuj3Cia4Fj3w=="],

    "crm-app": ["crm-app@workspace:apps/crm"],

    "csstype": ["csstype@3.2.3", "", {}, "sha512-z1HGKcYy2xA8AGQfwrn0PAy+PB7X/GSj3UVJW9qKyn43xWa+gl5nXmU4qqLMRzWVLFC8KusUX8T/0kCiOYpAIQ=="],

    "enterprise-crm-example": ["enterprise-crm-example@workspace:examples/enterprise-crm"],

    "entities": ["entities@7.0.1", "", {}, "sha512-TWrgLOFUQTH994YUyl1yT4uyavY5nNB5muff+RtWaqNVCAK408b5ZnnbNAUEWLTCpum9w6arT70i1XdQ4UeOPA=="],

    "fast-check": ["fast-check@3.23.2", "", { "dependencies": { "pure-rand": "^6.1.0" } }, "sha512-h5+1OzzfCC3Ef7VbtKdcv7zsstUQwUDlYpUTvjeUsJAssPgLn7QzbboPtL5ro04Mq0rPOsMzl7q5hIbRs2wD1A=="],

    "happy-dom": ["happy-dom@20.14.5", "", { "dependencies": { "@types/node": ">=20.0.0", "@types/whatwg-mimetype": "^3.0.2", "@types/ws": "^8.18.1", "buffer-image-size": "^0.6.4", "entities": "^7.0.1", "whatwg-mimetype": "^3.0.0", "ws": "^8.21.0" } }, "sha512-x/RzkpWO40bTjIoT30iQtt64FLLmH/iRcUCN2X//bLx7H3ifkdfPXyqsro/OYtqzIAhiLMMA7mmiOR9C3NOKjQ=="],

    "helpdesk-conventional-example": ["helpdesk-conventional-example@workspace:examples/helpdesk-conventional"],

    "helpdesk-slices-example": ["helpdesk-slices-example@workspace:examples/helpdesk-slices"],

    "postgres": ["postgres@3.4.9", "", {}, "sha512-GD3qdB0x1z9xgFI6cdRD6xu2Sp2WCOEoe3mtnyB5Ee0XrrL5Pe+e4CCnJrRMnL1zYtRDZmQQVbvOttLnKDLnaw=="],

    "pure-rand": ["pure-rand@6.1.0", "", {}, "sha512-bVWawvoZoBYpp6yIoQtQXHZjmz35RSVHnUOTefl8Vcjr8snTPY1wnpSPMWekcFwbxI6gtmT7rSYPFvz71ldiOA=="],

    "react": ["react@19.3.0", "", {}, "sha512-E8LUcbtBWt20bbl2YoHfx4ZDBdxVTfOKtCZn9cDSJ4l6/nuoApcpIBcj47t2wZoVX8g2ZHuMHbiShgCR1T5Sog=="],

    "react-dom": ["react-dom@19.3.0", "", { "dependencies": { "scheduler": "^0.28.0" }, "peerDependencies": { "react": "^19.3.0" } }, "sha512-JDk8dgif51OjFoDE70+OT9ICyYr+69HlmihNwp1+Nsfbna3t5sIiCa9ZJktDmQ4/1b/rn26hIAR2uYXDMr5r0Q=="],

    "scheduler": ["scheduler@0.28.0", "", {}, "sha512-juorfCmIkIw8tT+p5BXSm6PJjQF/ycEYmKyzURCIt/RaZIhL+PulbQ9Yu2z1HdOJDdqDTlxA1+xKBmHXJsczAw=="],

    "typescript": ["typescript@5.9.3", "", { "bin": { "tsc": "bin/tsc", "tsserver": "bin/tsserver" } }, "sha512-jl1vZzPDinLr9eUt3J/t7V6FgNEw9QjvBPdysz9KfQDD41fQrC2Y4vKQdiaUpFT4bXlb1RHhLpp8wtm6M5TgSw=="],

    "undici-types": ["undici-types@8.9.0", "", {}, "sha512-KTDyRTYX8sWmKXAikPHHSyc63CRPETMctyjKFupcC6OBLXT3xsN0e9aF7m+mIXutFWpUXuedtowG7iLOzp0kQg=="],

    "whatwg-mimetype": ["whatwg-mimetype@3.0.0", "", {}, "sha512-nt+N2dzIutVRxARx1nghPKGv1xHikU7HKdfafKkLNLindmPU/ch3U31NOCGGA/dmPcmb1VlofO0vnKAcsm0o/Q=="],

    "ws": ["ws@8.22.0", "", { "peerDependencies": { "bufferutil": "^4.0.1", "utf-8-validate": ">=5.0.2" }, "optionalPeers": ["bufferutil", "utf-8-validate"] }, "sha512-Ydggc987+RO0AnWtZ/7Wq9FtNvcrL1b/RO0ud9mWjUPgDrsAAwQSF51sm2hm1XofbU/4jkpGEsLFsZZxU+1DOg=="],
  }
}
